hash: 87c13a8ddd4da0f4582931413b08ce3e00762d6dc715a0d0beb42bb7cc35b4d1
updated: 2018-04-30T12:11:24.366663+01:00
imports:
- name: github.com/go-chi/chi
  version: e83ac2304db3c50cf03d96a2fcd39009d458bc35
  subpackages:
  - render
- name: github.com/go-chi/render
  version: 8c8c7a43d054b536d7e18e82c4331e7258f211a2
- name: github.com/go-openapi/inflect
  version: b1f6470ffb9c552dc105dd869f16e36ba86ba7d0
- name: github.com/gosuri/uitable
  version: 36ee7e946282a3fb1cfecd476ddc9b35d8847e42
  subpackages:
  - util/strutil
  - util/wordwrap
- name: github.com/goware/errorx
  version: 47153acf02d91c27f5cb227c550f5567dad93dc9
- name: github.com/lib/pq
  version: d34b9ff171c21ad295489235aec8b6626023cd04
  subpackages:
  - oid
- name: github.com/mattn/go-runewidth
  version: ce7b0b5c7b45a81508558cd1dba6bb1e4ddb51bb
- name: github.com/satori/go.uuid
  version: f58768cc1a7a7e77a3bd49e98cdd21419399b6a3
testImports:
- name: github.com/onsi/ginkgo
  version: 9eda700730cba42af70d53180f9dcce9266bc2bc
  subpackages:
  - config
  - internal/codelocation
  - internal/containernode
  - internal/failer
  - internal/leafnodes
  - internal/remote
  - internal/spec
  - internal/spec_iterator
  - internal/specrunner
  - internal/suite
  - internal/testingtproxy
  - internal/writer
  - reporters
  - reporters/stenographer
  - reporters/stenographer/support/go-colorable
  - reporters/stenographer/support/go-isatty
  - types
- name: github.com/onsi/gomega
  version: 003f63b7f4cff3fc95357005358af2de0f5fe152
  subpackages:
  - format
  - internal/assertion
  - internal/asyncassertion
  - internal/oraclematcher
  - internal/testingtsupport
  - matchers
  - matchers/support/goraph/bipartitegraph
  - matchers/support/goraph/edge
  - matchers/support/goraph/node
  - matchers/support/goraph/util
  - types
- name: golang.org/x/net
  version: 5f9ae10d9af5b1c89ae6904293b14b064d4ada23
  subpackages:
  - html
  - html/atom
  - html/charset
- name: golang.org/x/sys
  version: f67ecc163a74fbeea4cb1db0a101dcd07201464a
  subpackages:
  - unix
- name: golang.org/x/text
  version: 7922cc490dd5a7dbaa7fd5d6196b49db59ac042f
  subpackages:
  - encoding
  - encoding/charmap
  - encoding/htmlindex
  - encoding/internal
  - encoding/internal/identifier
  - encoding/japanese
  - encoding/korean
  - encoding/simplifiedchinese
  - encoding/traditionalchinese
  - encoding/unicode
  - internal/language
  - internal/language/compact
  - internal/tag
  - internal/utf8internal
  - language
  - runes
  - transform
- name: gopkg.in/yaml.v2
  version: 5420a8b6744d3b0345ab293f6fcba19c978f1183
